
Microsoft Visual Studio Solution File, Format Version 12.00
# Visual Studio Version 16
VisualStudioVersion = 16.0.810.5
MinimumVisualStudioVersion = 10.0.40219.1
Project("{FAE04EC0-301F-11D3-BF4B-00C04F79EFBC}") = "Tictactoe1", "Tictactoe1\Tictactoe1.csproj", "{C26DEE8A-0875-42BA-AAF1-9FC0C6191619}"
EndProject
Global
	GlobalSection(SolutionConfigurationPlatforms) = preSolution
		Debug|Any CPU = Debug|Any CPU
		Release|Any CPU = Release|Any CPU
	EndGlobalSection
	GlobalSection(ProjectConfigurationPlatforms) = postSolution
		{C26DEE8A-0875-42BA-AAF1-9FC0C6191619}.Debug|Any CPU.ActiveCfg = Debug|Any CPU
		{C26DEE8A-0875-42BA-AAF1-9FC0C6191619}.Debug|Any CPU.Build.0 = Debug|Any CPU
		{C26DEE8A-0875-42BA-AAF1-9FC0C6191619}.Release|Any CPU.ActiveCfg = Release|Any CPU
		{C26DEE8A-0875-42BA-AAF1-9FC0C6191619}.Release|Any CPU.Build.0 = Release|Any CPU
	EndGlobalSection
	GlobalSection(SolutionProperties) = preSolution
		HideSolutionNode = FALSE
	EndGlobalSection
	GlobalSection(ExtensibilityGlobals) = postSolution
		SolutionGuid = {0517AB38-AB65-464F-9598-EB2838A1D89E}
	EndGlobalSection
EndGlobal
